
Microsoft Visual Studio Solution File, Format Version 12.00
# Visual Studio Version 16
VisualStudioVersion = 16.0.31624.102
MinimumVisualStudioVersion = 10.0.40219.1
Project("{FAE04EC0-301F-11D3-BF4B-00C04F79EFBC}") = "00Using", "00Using\00Using.csproj", "{522C6257-6091-4F81-A604-0C8059A07FFE}"
EndProject
Project("{2150E333-8FDC-42A3-9474-1A3956D46DE8}") = "Study", "Study", "{F4008BD6-6C2C-4B14-9DF1-07A92BE4EE61}"
EndProject
Project("{2150E333-8FDC-42A3-9474-1A3956D46DE8}") = "Solution Items", "Solution Items", "{54666E3B-3F7D-4F22-8001-23C0C776FEC7}"
	ProjectSection(SolutionItems) = preProject
		목차.txt = 목차.txt
	EndProjectSection
EndProject
Project("{FAE04EC0-301F-11D3-BF4B-00C04F79EFBC}") = "01Class", "01Class\01Class.csproj", "{3A554313-2222-44A8-B93B-148914AD3F84}"
EndProject
Project("{FAE04EC0-301F-11D3-BF4B-00C04F79EFBC}") = "02NameSpace", "02NameSpace\02NameSpace.csproj", "{9BAA0C41-CD3F-4E22-8456-885B6A763A65}"
EndProject
Project("{FAE04EC0-301F-11D3-BF4B-00C04F79EFBC}") = "03CodeStartAndRead", "03CodeStartAndRead\03CodeStartAndRead.csproj", "{1FECD25F-57BA-45FE-884F-7550D3873129}"
EndProject
Project("{FAE04EC0-301F-11D3-BF4B-00C04F79EFBC}") = "04MemberVar", "04MemberVar\04MemberVar.csproj", "{CD1FBAC6-6A3A-427B-9CEF-562EE1481668}"
EndProject
Project("{FAE04EC0-301F-11D3-BF4B-00C04F79EFBC}") = "05MemberFunc", "05MemberFunc\05MemberFunc.csproj", "{8E9F5C57-DA2B-444F-A962-1C5FA5D40D94}"
EndProject
Project("{FAE04EC0-301F-11D3-BF4B-00C04F79EFBC}") = "06LocalVar", "06LocalVar\06LocalVar.csproj", "{3F245BD0-BC9A-4304-BDB0-EDBF363E5024}"
EndProject
Project("{FAE04EC0-301F-11D3-BF4B-00C04F79EFBC}") = "07ClassAccess", "07ClassAccess\07ClassAccess.csproj", "{46B145E6-DC9B-42F2-9AB1-7F7E877A0A49}"
EndProject
Project("{FAE04EC0-301F-11D3-BF4B-00C04F79EFBC}") = "08FuncEx", "08FuncEx\08FuncEx.csproj", "{76942A28-AD0A-4895-A659-B5D381AE1402}"
EndProject
Project("{FAE04EC0-301F-11D3-BF4B-00C04F79EFBC}") = "09Operator", "09Operator\09Operator.csproj", "{4F6934C0-4435-442E-8768-C3C040B6A894}"
EndProject
Project("{FAE04EC0-301F-11D3-BF4B-00C04F79EFBC}") = "10Memory00(Func)", "10Memory00(Func)\10Memory00(Func).csproj", "{3E6F9937-005F-4E59-8BD9-2464DA1B6908}"
EndProject
Project("{FAE04EC0-301F-11D3-BF4B-00C04F79EFBC}") = "11Memory01(Value)", "11Memory00(Value)\11Memory01(Value).csproj", "{EDE6F947-59A3-45AB-8A70-82E2996134E9}"
EndProject
Project("{FAE04EC0-301F-11D3-BF4B-00C04F79EFBC}") = "12Memory02(Reference)", "12Memory02(Reference)\12Memory02(Reference).csproj", "{AF782C1E-D7C7-4268-AE50-1FA846AC35CD}"
EndProject
Project("{FAE04EC0-301F-11D3-BF4B-00C04F79EFBC}") = "13StaticVar", "13StaticVar\13StaticVar.csproj", "{2EFD3CCB-3B4E-4C60-A31F-9A7F2ADE4054}"
EndProject
Project("{FAE04EC0-301F-11D3-BF4B-00C04F79EFBC}") = "14StaticFunc", "14StaticFunc\14StaticFunc.csproj", "{B4C231DF-4BC6-4498-BB31-A01E24641D69}"
EndProject
Project("{FAE04EC0-301F-11D3-BF4B-00C04F79EFBC}") = "15StaticClass", "15StaticClass\15StaticClass.csproj", "{228428AD-AD90-4FE3-A5A9-6649138AA48F}"
EndProject
Project("{FAE04EC0-301F-11D3-BF4B-00C04F79EFBC}") = "16This", "16This\16This.csproj", "{A1F6029F-CCAB-4C43-8B6B-DFDC4620C14F}"
EndProject
Project("{FAE04EC0-301F-11D3-BF4B-00C04F79EFBC}") = "17While", "17While\17While.csproj", "{5318BFD3-B76D-4BFD-8B15-B59E58603B68}"
EndProject
Project("{FAE04EC0-301F-11D3-BF4B-00C04F79EFBC}") = "18For", "18For\18For.csproj", "{399BAEB3-A661-4F1C-830C-F1E2DA422644}"
EndProject
Project("{FAE04EC0-301F-11D3-BF4B-00C04F79EFBC}") = "19If", "19If\19If.csproj", "{49B00689-F6D1-49E7-B605-64BECD0E2223}"
EndProject
Project("{FAE04EC0-301F-11D3-BF4B-00C04F79EFBC}") = "20Switch", "20Switch\20Switch.csproj", "{046F983D-32F1-4C8E-9EBE-2E1DBD759909}"
EndProject
Project("{FAE04EC0-301F-11D3-BF4B-00C04F79EFBC}") = "21Struct", "21Struct\21Struct.csproj", "{8B939556-D669-45F4-938B-763AAAA17449}"
EndProject
Project("{FAE04EC0-301F-11D3-BF4B-00C04F79EFBC}") = "22.Enum", "22.Enum\22.Enum.csproj", "{03E49667-64AD-4DC7-A57C-50093426306C}"
EndProject
Project("{2150E333-8FDC-42A3-9474-1A3956D46DE8}") = "Game", "Game", "{792C534E-F91B-47A9-AE93-CD6AE33BCB47}"
EndProject
Project("{FAE04EC0-301F-11D3-BF4B-00C04F79EFBC}") = "TextRPG001", "TextRPG001\TextRPG001.csproj", "{0E2006E0-0A29-487A-AD10-673358FB5DC6}"
EndProject
Project("{FAE04EC0-301F-11D3-BF4B-00C04F79EFBC}") = "23Inheritance", "23Inheritance\23Inheritance.csproj", "{CF0A9727-A1B7-4FBC-8802-51E84453DC7D}"
EndProject
Project("{FAE04EC0-301F-11D3-BF4B-00C04F79EFBC}") = "24ClassConstructer", "24ClassConstructer\24ClassConstructer.csproj", "{0DF4453E-22C2-4FC1-BDC6-ACED714B0342}"
EndProject
Project("{FAE04EC0-301F-11D3-BF4B-00C04F79EFBC}") = "25String01", "25String01\25String01.csproj", "{07FD582B-FC04-481E-A733-256B60861763}"
EndProject
Project("{FAE04EC0-301F-11D3-BF4B-00C04F79EFBC}") = "26Properties", "26Properties\26Properties.csproj", "{D2334F22-DCA7-4DE0-89F8-CDB1A81B449B}"
EndProject
Project("{FAE04EC0-301F-11D3-BF4B-00C04F79EFBC}") = "27ClassFile", "27ClassFile\27ClassFile.csproj", "{D98499AA-BE22-4A6C-A7E1-5964F0FE61A5}"
EndProject
Project("{FAE04EC0-301F-11D3-BF4B-00C04F79EFBC}") = "28Partial", "28Partial\28Partial.csproj", "{702AC508-F163-4E4F-9932-20ADE11B3080}"
EndProject
Project("{FAE04EC0-301F-11D3-BF4B-00C04F79EFBC}") = "29OverLoading", "29OverLoading\29OverLoading.csproj", "{BE52FBB7-33EB-45F1-870E-1760EE3E4227}"
EndProject
Project("{FAE04EC0-301F-11D3-BF4B-00C04F79EFBC}") = "30Overriding", "30Overriding\30Overriding.csproj", "{7D42DD2B-F5AE-4183-9A83-DA5FC2849B69}"
EndProject
Project("{FAE04EC0-301F-11D3-BF4B-00C04F79EFBC}") = "31Interface", "31Interface\31Interface.csproj", "{5135B56C-505F-42AA-B132-8BEE32861072}"
EndProject
Project("{FAE04EC0-301F-11D3-BF4B-00C04F79EFBC}") = "32Array", "32Array\32Array.csproj", "{560427B1-1AEF-4738-8285-96B3CA38D2AD}"
EndProject
Project("{FAE04EC0-301F-11D3-BF4B-00C04F79EFBC}") = "InvenSystem", "InvenSystem\InvenSystem.csproj", "{F011020B-1E96-49FF-B4A0-F6C8D40DC9AA}"
EndProject
Project("{FAE04EC0-301F-11D3-BF4B-00C04F79EFBC}") = "33.Null", "33.Null\33.Null.csproj", "{3E5C509A-A35D-498B-99FC-D74F534FF7FD}"
EndProject
Project("{FAE04EC0-301F-11D3-BF4B-00C04F79EFBC}") = "34BreakContinue", "34BreakContinue\34BreakContinue.csproj", "{15C5486C-2AE0-4839-A8E9-426F8314D883}"
EndProject
Global
	GlobalSection(SolutionConfigurationPlatforms) = preSolution
		Debug|Any CPU = Debug|Any CPU
		Release|Any CPU = Release|Any CPU
	EndGlobalSection
	GlobalSection(ProjectConfigurationPlatforms) = postSolution
		{522C6257-6091-4F81-A604-0C8059A07FFE}.Debug|Any CPU.ActiveCfg = Debug|Any CPU
		{522C6257-6091-4F81-A604-0C8059A07FFE}.Debug|Any CPU.Build.0 = Debug|Any CPU
		{522C6257-6091-4F81-A604-0C8059A07FFE}.Release|Any CPU.ActiveCfg = Release|Any CPU
		{522C6257-6091-4F81-A604-0C8059A07FFE}.Release|Any CPU.Build.0 = Release|Any CPU
		{3A554313-2222-44A8-B93B-148914AD3F84}.Debug|Any CPU.ActiveCfg = Debug|Any CPU
		{3A554313-2222-44A8-B93B-148914AD3F84}.Debug|Any CPU.Build.0 = Debug|Any CPU
		{3A554313-2222-44A8-B93B-148914AD3F84}.Release|Any CPU.ActiveCfg = Release|Any CPU
		{3A554313-2222-44A8-B93B-148914AD3F84}.Release|Any CPU.Build.0 = Release|Any CPU
		{9BAA0C41-CD3F-4E22-8456-885B6A763A65}.Debug|Any CPU.ActiveCfg = Debug|Any CPU
		{9BAA0C41-CD3F-4E22-8456-885B6A763A65}.Debug|Any CPU.Build.0 = Debug|Any CPU
		{9BAA0C41-CD3F-4E22-8456-885B6A763A65}.Release|Any CPU.ActiveCfg = Release|Any CPU
		{9BAA0C41-CD3F-4E22-8456-885B6A763A65}.Release|Any CPU.Build.0 = Release|Any CPU
		{1FECD25F-57BA-45FE-884F-7550D3873129}.Debug|Any CPU.ActiveCfg = Debug|Any CPU
		{1FECD25F-57BA-45FE-884F-7550D3873129}.Debug|Any CPU.Build.0 = Debug|Any CPU
		{1FECD25F-57BA-45FE-884F-7550D3873129}.Release|Any CPU.ActiveCfg = Release|Any CPU
		{1FECD25F-57BA-45FE-884F-7550D3873129}.Release|Any CPU.Build.0 = Release|Any CPU
		{CD1FBAC6-6A3A-427B-9CEF-562EE1481668}.Debug|Any CPU.ActiveCfg = Debug|Any CPU
		{CD1FBAC6-6A3A-427B-9CEF-562EE1481668}.Debug|Any CPU.Build.0 = Debug|Any CPU
		{CD1FBAC6-6A3A-427B-9CEF-562EE1481668}.Release|Any CPU.ActiveCfg = Release|Any CPU
		{CD1FBAC6-6A3A-427B-9CEF-562EE1481668}.Release|Any CPU.Build.0 = Release|Any CPU
		{8E9F5C57-DA2B-444F-A962-1C5FA5D40D94}.Debug|Any CPU.ActiveCfg = Debug|Any CPU
		{8E9F5C57-DA2B-444F-A962-1C5FA5D40D94}.Debug|Any CPU.Build.0 = Debug|Any CPU
		{8E9F5C57-DA2B-444F-A962-1C5FA5D40D94}.Release|Any CPU.ActiveCfg = Release|Any CPU
		{8E9F5C57-DA2B-444F-A962-1C5FA5D40D94}.Release|Any CPU.Build.0 = Release|Any CPU
		{3F245BD0-BC9A-4304-BDB0-EDBF363E5024}.Debug|Any CPU.ActiveCfg = Debug|Any CPU
		{3F245BD0-BC9A-4304-BDB0-EDBF363E5024}.Debug|Any CPU.Build.0 = Debug|Any CPU
		{3F245BD0-BC9A-4304-BDB0-EDBF363E5024}.Release|Any CPU.ActiveCfg = Release|Any CPU
		{3F245BD0-BC9A-4304-BDB0-EDBF363E5024}.Release|Any CPU.Build.0 = Release|Any CPU
		{46B145E6-DC9B-42F2-9AB1-7F7E877A0A49}.Debug|Any CPU.ActiveCfg = Debug|Any CPU
		{46B145E6-DC9B-42F2-9AB1-7F7E877A0A49}.Debug|Any CPU.Build.0 = Debug|Any CPU
		{46B145E6-DC9B-42F2-9AB1-7F7E877A0A49}.Release|Any CPU.ActiveCfg = Release|Any CPU
		{46B145E6-DC9B-42F2-9AB1-7F7E877A0A49}.Release|Any CPU.Build.0 = Release|Any CPU
		{76942A28-AD0A-4895-A659-B5D381AE1402}.Debug|Any CPU.ActiveCfg = Debug|Any CPU
		{76942A28-AD0A-4895-A659-B5D381AE1402}.Debug|Any CPU.Build.0 = Debug|Any CPU
		{76942A28-AD0A-4895-A659-B5D381AE1402}.Release|Any CPU.ActiveCfg = Release|Any CPU
		{76942A28-AD0A-4895-A659-B5D381AE1402}.Release|Any CPU.Build.0 = Release|Any CPU
		{4F6934C0-4435-442E-8768-C3C040B6A894}.Debug|Any CPU.ActiveCfg = Debug|Any CPU
		{4F6934C0-4435-442E-8768-C3C040B6A894}.Debug|Any CPU.Build.0 = Debug|Any CPU
		{4F6934C0-4435-442E-8768-C3C040B6A894}.Release|Any CPU.ActiveCfg = Release|Any CPU
		{4F6934C0-4435-442E-8768-C3C040B6A894}.Release|Any CPU.Build.0 = Release|Any CPU
		{3E6F9937-005F-4E59-8BD9-2464DA1B6908}.Debug|Any CPU.ActiveCfg = Debug|Any CPU
		{3E6F9937-005F-4E59-8BD9-2464DA1B6908}.Debug|Any CPU.Build.0 = Debug|Any CPU
		{3E6F9937-005F-4E59-8BD9-2464DA1B6908}.Release|Any CPU.ActiveCfg = Release|Any CPU
		{3E6F9937-005F-4E59-8BD9-2464DA1B6908}.Release|Any CPU.Build.0 = Release|Any CPU
		{EDE6F947-59A3-45AB-8A70-82E2996134E9}.Debug|Any CPU.ActiveCfg = Debug|Any CPU
		{EDE6F947-59A3-45AB-8A70-82E2996134E9}.Debug|Any CPU.Build.0 = Debug|Any CPU
		{EDE6F947-59A3-45AB-8A70-82E2996134E9}.Release|Any CPU.ActiveCfg = Release|Any CPU
		{EDE6F947-59A3-45AB-8A70-82E2996134E9}.Release|Any CPU.Build.0 = Release|Any CPU
		{AF782C1E-D7C7-4268-AE50-1FA846AC35CD}.Debug|Any CPU.ActiveCfg = Debug|Any CPU
		{AF782C1E-D7C7-4268-AE50-1FA846AC35CD}.Debug|Any CPU.Build.0 = Debug|Any CPU
		{AF782C1E-D7C7-4268-AE50-1FA846AC35CD}.Release|Any CPU.ActiveCfg = Release|Any CPU
		{AF782C1E-D7C7-4268-AE50-1FA846AC35CD}.Release|Any CPU.Build.0 = Release|Any CPU
		{2EFD3CCB-3B4E-4C60-A31F-9A7F2ADE4054}.Debug|Any CPU.ActiveCfg = Debug|Any CPU
		{2EFD3CCB-3B4E-4C60-A31F-9A7F2ADE4054}.Debug|Any CPU.Build.0 = Debug|Any CPU
		{2EFD3CCB-3B4E-4C60-A31F-9A7F2ADE4054}.Release|Any CPU.ActiveCfg = Release|Any CPU
		{2EFD3CCB-3B4E-4C60-A31F-9A7F2ADE4054}.Release|Any CPU.Build.0 = Release|Any CPU
		{B4C231DF-4BC6-4498-BB31-A01E24641D69}.Debug|Any CPU.ActiveCfg = Debug|Any CPU
		{B4C231DF-4BC6-4498-BB31-A01E24641D69}.Debug|Any CPU.Build.0 = Debug|Any CPU
		{B4C231DF-4BC6-4498-BB31-A01E24641D69}.Release|Any CPU.ActiveCfg = Release|Any CPU
		{B4C231DF-4BC6-4498-BB31-A01E24641D69}.Release|Any CPU.Build.0 = Release|Any CPU
		{228428AD-AD90-4FE3-A5A9-6649138AA48F}.Debug|Any CPU.ActiveCfg = Debug|Any CPU
		{228428AD-AD90-4FE3-A5A9-6649138AA48F}.Debug|Any CPU.Build.0 = Debug|Any CPU
		{228428AD-AD90-4FE3-A5A9-6649138AA48F}.Release|Any CPU.ActiveCfg = Release|Any CPU
		{228428AD-AD90-4FE3-A5A9-6649138AA48F}.Release|Any CPU.Build.0 = Release|Any CPU
		{A1F6029F-CCAB-4C43-8B6B-DFDC4620C14F}.Debug|Any CPU.ActiveCfg = Debug|Any CPU
		{A1F6029F-CCAB-4C43-8B6B-DFDC4620C14F}.Debug|Any CPU.Build.0 = Debug|Any CPU
		{A1F6029F-CCAB-4C43-8B6B-DFDC4620C14F}.Release|Any CPU.ActiveCfg = Release|Any CPU
		{A1F6029F-CCAB-4C43-8B6B-DFDC4620C14F}.Release|Any CPU.Build.0 = Release|Any CPU
		{5318BFD3-B76D-4BFD-8B15-B59E58603B68}.Debug|Any CPU.ActiveCfg = Debug|Any CPU
		{5318BFD3-B76D-4BFD-8B15-B59E58603B68}.Debug|Any CPU.Build.0 = Debug|Any CPU
		{5318BFD3-B76D-4BFD-8B15-B59E58603B68}.Release|Any CPU.ActiveCfg = Release|Any CPU
		{5318BFD3-B76D-4BFD-8B15-B59E58603B68}.Release|Any CPU.Build.0 = Release|Any CPU
		{399BAEB3-A661-4F1C-830C-F1E2DA422644}.Debug|Any CPU.ActiveCfg = Debug|Any CPU
		{399BAEB3-A661-4F1C-830C-F1E2DA422644}.Debug|Any CPU.Build.0 = Debug|Any CPU
		{399BAEB3-A661-4F1C-830C-F1E2DA422644}.Release|Any CPU.ActiveCfg = Release|Any CPU
		{399BAEB3-A661-4F1C-830C-F1E2DA422644}.Release|Any CPU.Build.0 = Release|Any CPU
		{49B00689-F6D1-49E7-B605-64BECD0E2223}.Debug|Any CPU.ActiveCfg = Debug|Any CPU
		{49B00689-F6D1-49E7-B605-64BECD0E2223}.Debug|Any CPU.Build.0 = Debug|Any CPU
		{49B00689-F6D1-49E7-B605-64BECD0E2223}.Release|Any CPU.ActiveCfg = Release|Any CPU
		{49B00689-F6D1-49E7-B605-64BECD0E2223}.Release|Any CPU.Build.0 = Release|Any CPU
		{046F983D-32F1-4C8E-9EBE-2E1DBD759909}.Debug|Any CPU.ActiveCfg = Debug|Any CPU
		{046F983D-32F1-4C8E-9EBE-2E1DBD759909}.Debug|Any CPU.Build.0 = Debug|Any CPU
		{046F983D-32F1-4C8E-9EBE-2E1DBD759909}.Release|Any CPU.ActiveCfg = Release|Any CPU
		{046F983D-32F1-4C8E-9EBE-2E1DBD759909}.Release|Any CPU.Build.0 = Release|Any CPU
		{8B939556-D669-45F4-938B-763AAAA17449}.Debug|Any CPU.ActiveCfg = Debug|Any CPU
		{8B939556-D669-45F4-938B-763AAAA17449}.Debug|Any CPU.Build.0 = Debug|Any CPU
		{8B939556-D669-45F4-938B-763AAAA17449}.Release|Any CPU.ActiveCfg = Release|Any CPU
		{8B939556-D669-45F4-938B-763AAAA17449}.Release|Any CPU.Build.0 = Release|Any CPU
		{03E49667-64AD-4DC7-A57C-50093426306C}.Debug|Any CPU.ActiveCfg = Debug|Any CPU
		{03E49667-64AD-4DC7-A57C-50093426306C}.Debug|Any CPU.Build.0 = Debug|Any CPU
		{03E49667-64AD-4DC7-A57C-50093426306C}.Release|Any CPU.ActiveCfg = Release|Any CPU
		{03E49667-64AD-4DC7-A57C-50093426306C}.Release|Any CPU.Build.0 = Release|Any CPU
		{0E2006E0-0A29-487A-AD10-673358FB5DC6}.Debug|Any CPU.ActiveCfg = Debug|Any CPU
		{0E2006E0-0A29-487A-AD10-673358FB5DC6}.Debug|Any CPU.Build.0 = Debug|Any CPU
		{0E2006E0-0A29-487A-AD10-673358FB5DC6}.Release|Any CPU.ActiveCfg = Release|Any CPU
		{0E2006E0-0A29-487A-AD10-673358FB5DC6}.Release|Any CPU.Build.0 = Release|Any CPU
		{CF0A9727-A1B7-4FBC-8802-51E84453DC7D}.Debug|Any CPU.ActiveCfg = Debug|Any CPU
		{CF0A9727-A1B7-4FBC-8802-51E84453DC7D}.Debug|Any CPU.Build.0 = Debug|Any CPU
		{CF0A9727-A1B7-4FBC-8802-51E84453DC7D}.Release|Any CPU.ActiveCfg = Release|Any CPU
		{CF0A9727-A1B7-4FBC-8802-51E84453DC7D}.Release|Any CPU.Build.0 = Release|Any CPU
		{0DF4453E-22C2-4FC1-BDC6-ACED714B0342}.Debug|Any CPU.ActiveCfg = Debug|Any CPU
		{0DF4453E-22C2-4FC1-BDC6-ACED714B0342}.Debug|Any CPU.Build.0 = Debug|Any CPU
		{0DF4453E-22C2-4FC1-BDC6-ACED714B0342}.Release|Any CPU.ActiveCfg = Release|Any CPU
		{0DF4453E-22C2-4FC1-BDC6-ACED714B0342}.Release|Any CPU.Build.0 = Release|Any CPU
		{07FD582B-FC04-481E-A733-256B60861763}.Debug|Any CPU.ActiveCfg = Debug|Any CPU
		{07FD582B-FC04-481E-A733-256B60861763}.Debug|Any CPU.Build.0 = Debug|Any CPU
		{07FD582B-FC04-481E-A733-256B60861763}.Release|Any CPU.ActiveCfg = Release|Any CPU
		{07FD582B-FC04-481E-A733-256B60861763}.Release|Any CPU.Build.0 = Release|Any CPU
		{D2334F22-DCA7-4DE0-89F8-CDB1A81B449B}.Debug|Any CPU.ActiveCfg = Debug|Any CPU
		{D2334F22-DCA7-4DE0-89F8-CDB1A81B449B}.Debug|Any CPU.Build.0 = Debug|Any CPU
		{D2334F22-DCA7-4DE0-89F8-CDB1A81B449B}.Release|Any CPU.ActiveCfg = Release|Any CPU
		{D2334F22-DCA7-4DE0-89F8-CDB1A81B449B}.Release|Any CPU.Build.0 = Release|Any CPU
		{D98499AA-BE22-4A6C-A7E1-5964F0FE61A5}.Debug|Any CPU.ActiveCfg = Debug|Any CPU
		{D98499AA-BE22-4A6C-A7E1-5964F0FE61A5}.Debug|Any CPU.Build.0 = Debug|Any CPU
		{D98499AA-BE22-4A6C-A7E1-5964F0FE61A5}.Release|Any CPU.ActiveCfg = Release|Any CPU
		{D98499AA-BE22-4A6C-A7E1-5964F0FE61A5}.Release|Any CPU.Build.0 = Release|Any CPU
		{702AC508-F163-4E4F-9932-20ADE11B3080}.Debug|Any CPU.ActiveCfg = Debug|Any CPU
		{702AC508-F163-4E4F-9932-20ADE11B3080}.Debug|Any CPU.Build.0 = Debug|Any CPU
		{702AC508-F163-4E4F-9932-20ADE11B3080}.Release|Any CPU.ActiveCfg = Release|Any CPU
		{702AC508-F163-4E4F-9932-20ADE11B3080}.Release|Any CPU.Build.0 = Release|Any CPU
		{BE52FBB7-33EB-45F1-870E-1760EE3E4227}.Debug|Any CPU.ActiveCfg = Debug|Any CPU
		{BE52FBB7-33EB-45F1-870E-1760EE3E4227}.Debug|Any CPU.Build.0 = Debug|Any CPU
		{BE52FBB7-33EB-45F1-870E-1760EE3E4227}.Release|Any CPU.ActiveCfg = Release|Any CPU
		{BE52FBB7-33EB-45F1-870E-1760EE3E4227}.Release|Any CPU.Build.0 = Release|Any CPU
		{7D42DD2B-F5AE-4183-9A83-DA5FC2849B69}.Debug|Any CPU.ActiveCfg = Debug|Any CPU
		{7D42DD2B-F5AE-4183-9A83-DA5FC2849B69}.Debug|Any CPU.Build.0 = Debug|Any CPU
		{7D42DD2B-F5AE-4183-9A83-DA5FC2849B69}.Release|Any CPU.ActiveCfg = Release|Any CPU
		{7D42DD2B-F5AE-4183-9A83-DA5FC2849B69}.Release|Any CPU.Build.0 = Release|Any CPU
		{5135B56C-505F-42AA-B132-8BEE32861072}.Debug|Any CPU.ActiveCfg = Debug|Any CPU
		{5135B56C-505F-42AA-B132-8BEE32861072}.Debug|Any CPU.Build.0 = Debug|Any CPU
		{5135B56C-505F-42AA-B132-8BEE32861072}.Release|Any CPU.ActiveCfg = Release|Any CPU
		{5135B56C-505F-42AA-B132-8BEE32861072}.Release|Any CPU.Build.0 = Release|Any CPU
		{560427B1-1AEF-4738-8285-96B3CA38D2AD}.Debug|Any CPU.ActiveCfg = Debug|Any CPU
		{560427B1-1AEF-4738-8285-96B3CA38D2AD}.Debug|Any CPU.Build.0 = Debug|Any CPU
		{560427B1-1AEF-4738-8285-96B3CA38D2AD}.Release|Any CPU.ActiveCfg = Release|Any CPU
		{560427B1-1AEF-4738-8285-96B3CA38D2AD}.Release|Any CPU.Build.0 = Release|Any CPU
		{F011020B-1E96-49FF-B4A0-F6C8D40DC9AA}.Debug|Any CPU.ActiveCfg = Debug|Any CPU
		{F011020B-1E96-49FF-B4A0-F6C8D40DC9AA}.Debug|Any CPU.Build.0 = Debug|Any CPU
		{F011020B-1E96-49FF-B4A0-F6C8D40DC9AA}.Release|Any CPU.ActiveCfg = Release|Any CPU
		{F011020B-1E96-49FF-B4A0-F6C8D40DC9AA}.Release|Any CPU.Build.0 = Release|Any CPU
		{3E5C509A-A35D-498B-99FC-D74F534FF7FD}.Debug|Any CPU.ActiveCfg = Debug|Any CPU
		{3E5C509A-A35D-498B-99FC-D74F534FF7FD}.Debug|Any CPU.Build.0 = Debug|Any CPU
		{3E5C509A-A35D-498B-99FC-D74F534FF7FD}.Release|Any CPU.ActiveCfg = Release|Any CPU
		{3E5C509A-A35D-498B-99FC-D74F534FF7FD}.Release|Any CPU.Build.0 = Release|Any CPU
		{15C5486C-2AE0-4839-A8E9-426F8314D883}.Debug|Any CPU.ActiveCfg = Debug|Any CPU
		{15C5486C-2AE0-4839-A8E9-426F8314D883}.Debug|Any CPU.Build.0 = Debug|Any CPU
		{15C5486C-2AE0-4839-A8E9-426F8314D883}.Release|Any CPU.ActiveCfg = Release|Any CPU
		{15C5486C-2AE0-4839-A8E9-426F8314D883}.Release|Any CPU.Build.0 = Release|Any CPU
	EndGlobalSection
	GlobalSection(SolutionProperties) = preSolution
		HideSolutionNode = FALSE
	EndGlobalSection
	GlobalSection(NestedProjects) = preSolution
		{522C6257-6091-4F81-A604-0C8059A07FFE} = {F4008BD6-6C2C-4B14-9DF1-07A92BE4EE61}
		{3A554313-2222-44A8-B93B-148914AD3F84} = {F4008BD6-6C2C-4B14-9DF1-07A92BE4EE61}
		{9BAA0C41-CD3F-4E22-8456-885B6A763A65} = {F4008BD6-6C2C-4B14-9DF1-07A92BE4EE61}
		{1FECD25F-57BA-45FE-884F-7550D3873129} = {F4008BD6-6C2C-4B14-9DF1-07A92BE4EE61}
		{CD1FBAC6-6A3A-427B-9CEF-562EE1481668} = {F4008BD6-6C2C-4B14-9DF1-07A92BE4EE61}
		{8E9F5C57-DA2B-444F-A962-1C5FA5D40D94} = {F4008BD6-6C2C-4B14-9DF1-07A92BE4EE61}
		{3F245BD0-BC9A-4304-BDB0-EDBF363E5024} = {F4008BD6-6C2C-4B14-9DF1-07A92BE4EE61}
		{46B145E6-DC9B-42F2-9AB1-7F7E877A0A49} = {F4008BD6-6C2C-4B14-9DF1-07A92BE4EE61}
		{76942A28-AD0A-4895-A659-B5D381AE1402} = {F4008BD6-6C2C-4B14-9DF1-07A92BE4EE61}
		{4F6934C0-4435-442E-8768-C3C040B6A894} = {F4008BD6-6C2C-4B14-9DF1-07A92BE4EE61}
		{3E6F9937-005F-4E59-8BD9-2464DA1B6908} = {F4008BD6-6C2C-4B14-9DF1-07A92BE4EE61}
		{EDE6F947-59A3-45AB-8A70-82E2996134E9} = {F4008BD6-6C2C-4B14-9DF1-07A92BE4EE61}
		{AF782C1E-D7C7-4268-AE50-1FA846AC35CD} = {F4008BD6-6C2C-4B14-9DF1-07A92BE4EE61}
		{2EFD3CCB-3B4E-4C60-A31F-9A7F2ADE4054} = {F4008BD6-6C2C-4B14-9DF1-07A92BE4EE61}
		{B4C231DF-4BC6-4498-BB31-A01E24641D69} = {F4008BD6-6C2C-4B14-9DF1-07A92BE4EE61}
		{228428AD-AD90-4FE3-A5A9-6649138AA48F} = {F4008BD6-6C2C-4B14-9DF1-07A92BE4EE61}
		{A1F6029F-CCAB-4C43-8B6B-DFDC4620C14F} = {F4008BD6-6C2C-4B14-9DF1-07A92BE4EE61}
		{5318BFD3-B76D-4BFD-8B15-B59E58603B68} = {F4008BD6-6C2C-4B14-9DF1-07A92BE4EE61}
		{399BAEB3-A661-4F1C-830C-F1E2DA422644} = {F4008BD6-6C2C-4B14-9DF1-07A92BE4EE61}
		{49B00689-F6D1-49E7-B605-64BECD0E2223} = {F4008BD6-6C2C-4B14-9DF1-07A92BE4EE61}
		{046F983D-32F1-4C8E-9EBE-2E1DBD759909} = {F4008BD6-6C2C-4B14-9DF1-07A92BE4EE61}
		{8B939556-D669-45F4-938B-763AAAA17449} = {F4008BD6-6C2C-4B14-9DF1-07A92BE4EE61}
		{03E49667-64AD-4DC7-A57C-50093426306C} = {F4008BD6-6C2C-4B14-9DF1-07A92BE4EE61}
		{0E2006E0-0A29-487A-AD10-673358FB5DC6} = {792C534E-F91B-47A9-AE93-CD6AE33BCB47}
		{CF0A9727-A1B7-4FBC-8802-51E84453DC7D} = {F4008BD6-6C2C-4B14-9DF1-07A92BE4EE61}
		{0DF4453E-22C2-4FC1-BDC6-ACED714B0342} = {F4008BD6-6C2C-4B14-9DF1-07A92BE4EE61}
		{07FD582B-FC04-481E-A733-256B60861763} = {F4008BD6-6C2C-4B14-9DF1-07A92BE4EE61}
		{D2334F22-DCA7-4DE0-89F8-CDB1A81B449B} = {F4008BD6-6C2C-4B14-9DF1-07A92BE4EE61}
		{D98499AA-BE22-4A6C-A7E1-5964F0FE61A5} = {F4008BD6-6C2C-4B14-9DF1-07A92BE4EE61}
		{702AC508-F163-4E4F-9932-20ADE11B3080} = {F4008BD6-6C2C-4B14-9DF1-07A92BE4EE61}
		{BE52FBB7-33EB-45F1-870E-1760EE3E4227} = {F4008BD6-6C2C-4B14-9DF1-07A92BE4EE61}
		{7D42DD2B-F5AE-4183-9A83-DA5FC2849B69} = {F4008BD6-6C2C-4B14-9DF1-07A92BE4EE61}
		{5135B56C-505F-42AA-B132-8BEE32861072} = {F4008BD6-6C2C-4B14-9DF1-07A92BE4EE61}
		{560427B1-1AEF-4738-8285-96B3CA38D2AD} = {F4008BD6-6C2C-4B14-9DF1-07A92BE4EE61}
		{F011020B-1E96-49FF-B4A0-F6C8D40DC9AA} = {792C534E-F91B-47A9-AE93-CD6AE33BCB47}
		{3E5C509A-A35D-498B-99FC-D74F534FF7FD} = {F4008BD6-6C2C-4B14-9DF1-07A92BE4EE61}
		{15C5486C-2AE0-4839-A8E9-426F8314D883} = {F4008BD6-6C2C-4B14-9DF1-07A92BE4EE61}
	EndGlobalSection
	GlobalSection(ExtensibilityGlobals) = postSolution
		SolutionGuid = {02A4FDD8-5969-4E0B-8594-2C18B9809982}
	EndGlobalSection
EndGlobal
