
Microsoft Visual Studio Solution File, Format Version 12.00
# Visual Studio Version 16
VisualStudioVersion = 16.0.31624.102
MinimumVisualStudioVersion = 10.0.40219.1
Project("{FAE04EC0-301F-11D3-BF4B-00C04F79EFBC}") = "00Using", "00Using\00Using.csproj", "{522C6257-6091-4F81-A604-0C8059A07FFE}"
EndProject
Project("{2150E333-8FDC-42A3-9474-1A3956D46DE8}") = "Study", "Study", "{F4008BD6-6C2C-4B14-9DF1-07A92BE4EE61}"
EndProject
Project("{2150E333-8FDC-42A3-9474-1A3956D46DE8}") = "Solution Items", "Solution Items", "{54666E3B-3F7D-4F22-8001-23C0C776FEC7}"
	ProjectSection(SolutionItems) = preProject
		목차.txt = 목차.txt
	EndProjectSection
EndProject
Project("{FAE04EC0-301F-11D3-BF4B-00C04F79EFBC}") = "01Class", "01Class\01Class.csproj", "{3A554313-2222-44A8-B93B-148914AD3F84}"
EndProject
Project("{FAE04EC0-301F-11D3-BF4B-00C04F79EFBC}") = "02NameSpace", "02NameSpace\02NameSpace.csproj", "{9BAA0C41-CD3F-4E22-8456-885B6A763A65}"
EndProject
Project("{FAE04EC0-301F-11D3-BF4B-00C04F79EFBC}") = "03CodeStartAndRead", "03CodeStartAndRead\03CodeStartAndRead.csproj", "{1FECD25F-57BA-45FE-884F-7550D3873129}"
EndProject
Project("{FAE04EC0-301F-11D3-BF4B-00C04F79EFBC}") = "04MemberVar", "04MemberVar\04MemberVar.csproj", "{CD1FBAC6-6A3A-427B-9CEF-562EE1481668}"
EndProject
Project("{FAE04EC0-301F-11D3-BF4B-00C04F79EFBC}") = "05MemberFunc", "05MemberFunc\05MemberFunc.csproj", "{8E9F5C57-DA2B-444F-A962-1C5FA5D40D94}"
EndProject
Project("{FAE04EC0-301F-11D3-BF4B-00C04F79EFBC}") = "06LocalVar", "06LocalVar\06LocalVar.csproj", "{3F245BD0-BC9A-4304-BDB0-EDBF363E5024}"
EndProject
Project("{FAE04EC0-301F-11D3-BF4B-00C04F79EFBC}") = "07ClassAccess", "07ClassAccess\07ClassAccess.csproj", "{46B145E6-DC9B-42F2-9AB1-7F7E877A0A49}"
EndProject
Project("{FAE04EC0-301F-11D3-BF4B-00C04F79EFBC}") = "08FuncEx", "08FuncEx\08FuncEx.csproj", "{76942A28-AD0A-4895-A659-B5D381AE1402}"
EndProject
Project("{FAE04EC0-301F-11D3-BF4B-00C04F79EFBC}") = "09Operator", "09Operator\09Operator.csproj", "{4F6934C0-4435-442E-8768-C3C040B6A894}"
EndProject
Project("{FAE04EC0-301F-11D3-BF4B-00C04F79EFBC}") = "10Memory00(Func)", "10Memory00(Func)\10Memory00(Func).csproj", "{3E6F9937-005F-4E59-8BD9-2464DA1B6908}"
EndProject
Project("{FAE04EC0-301F-11D3-BF4B-00C04F79EFBC}") = "11Memory01(Value)", "11Memory00(Value)\11Memory01(Value).csproj", "{EDE6F947-59A3-45AB-8A70-82E2996134E9}"
EndProject
Project("{FAE04EC0-301F-11D3-BF4B-00C04F79EFBC}") = "12Memory02(Reference)", "12Memory02(Reference)\12Memory02(Reference).csproj", "{AF782C1E-D7C7-4268-AE50-1FA846AC35CD}"
EndProject
Project("{FAE04EC0-301F-11D3-BF4B-00C04F79EFBC}") = "13StaticVar", "13StaticVar\13StaticVar.csproj", "{2EFD3CCB-3B4E-4C60-A31F-9A7F2ADE4054}"
EndProject
Project("{FAE04EC0-301F-11D3-BF4B-00C04F79EFBC}") = "14StaticFunc", "14StaticFunc\14StaticFunc.csproj", "{B4C231DF-4BC6-4498-BB31-A01E24641D69}"
EndProject
Project("{FAE04EC0-301F-11D3-BF4B-00C04F79EFBC}") = "15StaticClass", "15StaticClass\15StaticClass.csproj", "{228428AD-AD90-4FE3-A5A9-6649138AA48F}"
EndProject
Global
	GlobalSection(SolutionConfigurationPlatforms) = preSolution
		Debug|Any CPU = Debug|Any CPU
		Release|Any CPU = Release|Any CPU
	EndGlobalSection
	GlobalSection(ProjectConfigurationPlatforms) = postSolution
		{522C6257-6091-4F81-A604-0C8059A07FFE}.Debug|Any CPU.ActiveCfg = Debug|Any CPU
		{522C6257-6091-4F81-A604-0C8059A07FFE}.Debug|Any CPU.Build.0 = Debug|Any CPU
		{522C6257-6091-4F81-A604-0C8059A07FFE}.Release|Any CPU.ActiveCfg = Release|Any CPU
		{522C6257-6091-4F81-A604-0C8059A07FFE}.Release|Any CPU.Build.0 = Release|Any CPU
		{3A554313-2222-44A8-B93B-148914AD3F84}.Debug|Any CPU.ActiveCfg = Debug|Any CPU
		{3A554313-2222-44A8-B93B-148914AD3F84}.Debug|Any CPU.Build.0 = Debug|Any CPU
		{3A554313-2222-44A8-B93B-148914AD3F84}.Release|Any CPU.ActiveCfg = Release|Any CPU
		{3A554313-2222-44A8-B93B-148914AD3F84}.Release|Any CPU.Build.0 = Release|Any CPU
		{9BAA0C41-CD3F-4E22-8456-885B6A763A65}.Debug|Any CPU.ActiveCfg = Debug|Any CPU
		{9BAA0C41-CD3F-4E22-8456-885B6A763A65}.Debug|Any CPU.Build.0 = Debug|Any CPU
		{9BAA0C41-CD3F-4E22-8456-885B6A763A65}.Release|Any CPU.ActiveCfg = Release|Any CPU
		{9BAA0C41-CD3F-4E22-8456-885B6A763A65}.Release|Any CPU.Build.0 = Release|Any CPU
		{1FECD25F-57BA-45FE-884F-7550D3873129}.Debug|Any CPU.ActiveCfg = Debug|Any CPU
		{1FECD25F-57BA-45FE-884F-7550D3873129}.Debug|Any CPU.Build.0 = Debug|Any CPU
		{1FECD25F-57BA-45FE-884F-7550D3873129}.Release|Any CPU.ActiveCfg = Release|Any CPU
		{1FECD25F-57BA-45FE-884F-7550D3873129}.Release|Any CPU.Build.0 = Release|Any CPU
		{CD1FBAC6-6A3A-427B-9CEF-562EE1481668}.Debug|Any CPU.ActiveCfg = Debug|Any CPU
		{CD1FBAC6-6A3A-427B-9CEF-562EE1481668}.Debug|Any CPU.Build.0 = Debug|Any CPU
		{CD1FBAC6-6A3A-427B-9CEF-562EE1481668}.Release|Any CPU.ActiveCfg = Release|Any CPU
		{CD1FBAC6-6A3A-427B-9CEF-562EE1481668}.Release|Any CPU.Build.0 = Release|Any CPU
		{8E9F5C57-DA2B-444F-A962-1C5FA5D40D94}.Debug|Any CPU.ActiveCfg = Debug|Any CPU
		{8E9F5C57-DA2B-444F-A962-1C5FA5D40D94}.Debug|Any CPU.Build.0 = Debug|Any CPU
		{8E9F5C57-DA2B-444F-A962-1C5FA5D40D94}.Release|Any CPU.ActiveCfg = Release|Any CPU
		{8E9F5C57-DA2B-444F-A962-1C5FA5D40D94}.Release|Any CPU.Build.0 = Release|Any CPU
		{3F245BD0-BC9A-4304-BDB0-EDBF363E5024}.Debug|Any CPU.ActiveCfg = Debug|Any CPU
		{3F245BD0-BC9A-4304-BDB0-EDBF363E5024}.Debug|Any CPU.Build.0 = Debug|Any CPU
		{3F245BD0-BC9A-4304-BDB0-EDBF363E5024}.Release|Any CPU.ActiveCfg = Release|Any CPU
		{3F245BD0-BC9A-4304-BDB0-EDBF363E5024}.Release|Any CPU.Build.0 = Release|Any CPU
		{46B145E6-DC9B-42F2-9AB1-7F7E877A0A49}.Debug|Any CPU.ActiveCfg = Debug|Any CPU
		{46B145E6-DC9B-42F2-9AB1-7F7E877A0A49}.Debug|Any CPU.Build.0 = Debug|Any CPU
		{46B145E6-DC9B-42F2-9AB1-7F7E877A0A49}.Release|Any CPU.ActiveCfg = Release|Any CPU
		{46B145E6-DC9B-42F2-9AB1-7F7E877A0A49}.Release|Any CPU.Build.0 = Release|Any CPU
		{76942A28-AD0A-4895-A659-B5D381AE1402}.Debug|Any CPU.ActiveCfg = Debug|Any CPU
		{76942A28-AD0A-4895-A659-B5D381AE1402}.Debug|Any CPU.Build.0 = Debug|Any CPU
		{76942A28-AD0A-4895-A659-B5D381AE1402}.Release|Any CPU.ActiveCfg = Release|Any CPU
		{76942A28-AD0A-4895-A659-B5D381AE1402}.Release|Any CPU.Build.0 = Release|Any CPU
		{4F6934C0-4435-442E-8768-C3C040B6A894}.Debug|Any CPU.ActiveCfg = Debug|Any CPU
		{4F6934C0-4435-442E-8768-C3C040B6A894}.Debug|Any CPU.Build.0 = Debug|Any CPU
		{4F6934C0-4435-442E-8768-C3C040B6A894}.Release|Any CPU.ActiveCfg = Release|Any CPU
		{4F6934C0-4435-442E-8768-C3C040B6A894}.Release|Any CPU.Build.0 = Release|Any CPU
		{3E6F9937-005F-4E59-8BD9-2464DA1B6908}.Debug|Any CPU.ActiveCfg = Debug|Any CPU
		{3E6F9937-005F-4E59-8BD9-2464DA1B6908}.Debug|Any CPU.Build.0 = Debug|Any CPU
		{3E6F9937-005F-4E59-8BD9-2464DA1B6908}.Release|Any CPU.ActiveCfg = Release|Any CPU
		{3E6F9937-005F-4E59-8BD9-2464DA1B6908}.Release|Any CPU.Build.0 = Release|Any CPU
		{EDE6F947-59A3-45AB-8A70-82E2996134E9}.Debug|Any CPU.ActiveCfg = Debug|Any CPU
		{EDE6F947-59A3-45AB-8A70-82E2996134E9}.Debug|Any CPU.Build.0 = Debug|Any CPU
		{EDE6F947-59A3-45AB-8A70-82E2996134E9}.Release|Any CPU.ActiveCfg = Release|Any CPU
		{EDE6F947-59A3-45AB-8A70-82E2996134E9}.Release|Any CPU.Build.0 = Release|Any CPU
		{AF782C1E-D7C7-4268-AE50-1FA846AC35CD}.Debug|Any CPU.ActiveCfg = Debug|Any CPU
		{AF782C1E-D7C7-4268-AE50-1FA846AC35CD}.Debug|Any CPU.Build.0 = Debug|Any CPU
		{AF782C1E-D7C7-4268-AE50-1FA846AC35CD}.Release|Any CPU.ActiveCfg = Release|Any CPU
		{AF782C1E-D7C7-4268-AE50-1FA846AC35CD}.Release|Any CPU.Build.0 = Release|Any CPU
		{2EFD3CCB-3B4E-4C60-A31F-9A7F2ADE4054}.Debug|Any CPU.ActiveCfg = Debug|Any CPU
		{2EFD3CCB-3B4E-4C60-A31F-9A7F2ADE4054}.Debug|Any CPU.Build.0 = Debug|Any CPU
		{2EFD3CCB-3B4E-4C60-A31F-9A7F2ADE4054}.Release|Any CPU.ActiveCfg = Release|Any CPU
		{2EFD3CCB-3B4E-4C60-A31F-9A7F2ADE4054}.Release|Any CPU.Build.0 = Release|Any CPU
		{B4C231DF-4BC6-4498-BB31-A01E24641D69}.Debug|Any CPU.ActiveCfg = Debug|Any CPU
		{B4C231DF-4BC6-4498-BB31-A01E24641D69}.Debug|Any CPU.Build.0 = Debug|Any CPU
		{B4C231DF-4BC6-4498-BB31-A01E24641D69}.Release|Any CPU.ActiveCfg = Release|Any CPU
		{B4C231DF-4BC6-4498-BB31-A01E24641D69}.Release|Any CPU.Build.0 = Release|Any CPU
		{228428AD-AD90-4FE3-A5A9-6649138AA48F}.Debug|Any CPU.ActiveCfg = Debug|Any CPU
		{228428AD-AD90-4FE3-A5A9-6649138AA48F}.Debug|Any CPU.Build.0 = Debug|Any CPU
		{228428AD-AD90-4FE3-A5A9-6649138AA48F}.Release|Any CPU.ActiveCfg = Release|Any CPU
		{228428AD-AD90-4FE3-A5A9-6649138AA48F}.Release|Any CPU.Build.0 = Release|Any CPU
	EndGlobalSection
	GlobalSection(SolutionProperties) = preSolution
		HideSolutionNode = FALSE
	EndGlobalSection
	GlobalSection(NestedProjects) = preSolution
		{522C6257-6091-4F81-A604-0C8059A07FFE} = {F4008BD6-6C2C-4B14-9DF1-07A92BE4EE61}
		{3A554313-2222-44A8-B93B-148914AD3F84} = {F4008BD6-6C2C-4B14-9DF1-07A92BE4EE61}
		{9BAA0C41-CD3F-4E22-8456-885B6A763A65} = {F4008BD6-6C2C-4B14-9DF1-07A92BE4EE61}
		{1FECD25F-57BA-45FE-884F-7550D3873129} = {F4008BD6-6C2C-4B14-9DF1-07A92BE4EE61}
		{CD1FBAC6-6A3A-427B-9CEF-562EE1481668} = {F4008BD6-6C2C-4B14-9DF1-07A92BE4EE61}
		{8E9F5C57-DA2B-444F-A962-1C5FA5D40D94} = {F4008BD6-6C2C-4B14-9DF1-07A92BE4EE61}
		{3F245BD0-BC9A-4304-BDB0-EDBF363E5024} = {F4008BD6-6C2C-4B14-9DF1-07A92BE4EE61}
		{46B145E6-DC9B-42F2-9AB1-7F7E877A0A49} = {F4008BD6-6C2C-4B14-9DF1-07A92BE4EE61}
		{76942A28-AD0A-4895-A659-B5D381AE1402} = {F4008BD6-6C2C-4B14-9DF1-07A92BE4EE61}
		{4F6934C0-4435-442E-8768-C3C040B6A894} = {F4008BD6-6C2C-4B14-9DF1-07A92BE4EE61}
		{3E6F9937-005F-4E59-8BD9-2464DA1B6908} = {F4008BD6-6C2C-4B14-9DF1-07A92BE4EE61}
		{EDE6F947-59A3-45AB-8A70-82E2996134E9} = {F4008BD6-6C2C-4B14-9DF1-07A92BE4EE61}
		{AF782C1E-D7C7-4268-AE50-1FA846AC35CD} = {F4008BD6-6C2C-4B14-9DF1-07A92BE4EE61}
		{2EFD3CCB-3B4E-4C60-A31F-9A7F2ADE4054} = {F4008BD6-6C2C-4B14-9DF1-07A92BE4EE61}
		{B4C231DF-4BC6-4498-BB31-A01E24641D69} = {F4008BD6-6C2C-4B14-9DF1-07A92BE4EE61}
		{228428AD-AD90-4FE3-A5A9-6649138AA48F} = {F4008BD6-6C2C-4B14-9DF1-07A92BE4EE61}
	EndGlobalSection
	GlobalSection(ExtensibilityGlobals) = postSolution
		SolutionGuid = {02A4FDD8-5969-4E0B-8594-2C18B9809982}
	EndGlobalSection
EndGlobal
